
Microsoft Visual Studio Solution File, Format Version 12.00
Project("{FAE04EC0-301F-11D3-BF4B-00C04F79EFBC}") = "Metaheurystyki", "Metaheurystyki.csproj", "{3F8497D2-F0A7-4727-96FC-D896C8A7C067}"
EndProject
Project("{FAE04EC0-301F-11D3-BF4B-00C04F79EFBC}") = "Tests", "Tests\Tests\Tests.csproj", "{F2E5A09F-A1E5-4E93-B365-12FC84D3003B}"
EndProject
Global
	GlobalSection(SolutionConfigurationPlatforms) = preSolution
		Debug|Any CPU = Debug|Any CPU
		Release|Any CPU = Release|Any CPU
	EndGlobalSection
	GlobalSection(ProjectConfigurationPlatforms) = postSolution
		{3F8497D2-F0A7-4727-96FC-D896C8A7C067}.Debug|Any CPU.ActiveCfg = Debug|Any CPU
		{3F8497D2-F0A7-4727-96FC-D896C8A7C067}.Debug|Any CPU.Build.0 = Debug|Any CPU
		{3F8497D2-F0A7-4727-96FC-D896C8A7C067}.Release|Any CPU.ActiveCfg = Release|Any CPU
		{3F8497D2-F0A7-4727-96FC-D896C8A7C067}.Release|Any CPU.Build.0 = Release|Any CPU
		{F2E5A09F-A1E5-4E93-B365-12FC84D3003B}.Debug|Any CPU.ActiveCfg = Debug|Any CPU
		{F2E5A09F-A1E5-4E93-B365-12FC84D3003B}.Debug|Any CPU.Build.0 = Debug|Any CPU
		{F2E5A09F-A1E5-4E93-B365-12FC84D3003B}.Release|Any CPU.ActiveCfg = Release|Any CPU
		{F2E5A09F-A1E5-4E93-B365-12FC84D3003B}.Release|Any CPU.Build.0 = Release|Any CPU
	EndGlobalSection
EndGlobal
